{
  "lockfile_version": "1",
  "packages": {
    "ginkgo@2.8.3": {
      "last_modified": "2023-02-28T22:11:13Z",
      "resolved": "github:NixOS/nixpkgs/995edc972ad3a1e291ac22d74b9610821357175f#ginkgo",
      "version": "2.8.3"
    },
    "github:goreleaser/nur#goreleaser-pro": {},
    "go-task@3.24.0": {
      "last_modified": "2023-05-01T16:53:22Z",
      "resolved": "github:NixOS/nixpkgs/8670e496ffd093b60e74e7fa53526aa5920d09eb#go-task",
      "version": "3.24.0"
    },
    "go@1.20.6": {
      "last_modified": "2023-07-25T23:32:12Z",
      "resolved": "github:NixOS/nixpkgs/a9b47d85504bdd199e90846622c76aa0bfeabfac#go",
      "source": "devbox-search",
      "version": "1.20.6"
    },
    "golangci-lint@1.53.3": {
      "last_modified": "2023-06-29T16:20:38Z",
      "resolved": "github:NixOS/nixpkgs/3c614fbc76fc152f3e1bc4b2263da6d90adf80fb#golangci-lint",
      "version": "1.53.3"
    },
    "helm-docs@1.11.0": {
      "last_modified": "2023-06-29T16:20:38Z",
      "resolved": "github:NixOS/nixpkgs/3c614fbc76fc152f3e1bc4b2263da6d90adf80fb#helm-docs",
      "version": "1.11.0"
    },
    "moon@1.10.1": {
      "last_modified": "2023-07-25T23:32:12Z",
      "resolved": "github:NixOS/nixpkgs/a9b47d85504bdd199e90846622c76aa0bfeabfac#moon",
      "source": "devbox-search",
      "version": "1.10.1"
    },
    "nodejs@18.16.0": {
      "last_modified": "2023-05-25T03:54:59Z",
      "resolved": "github:NixOS/nixpkgs/8d4d822bc0efa9de6eddc79cb0d82897a9baa750#nodejs_18",
      "version": "18.16.0"
    },
    "path:nix/speakeasy#speakeasy": {},
    "process-compose@0.43.1": {
      "last_modified": "2023-05-01T16:53:22Z",
      "resolved": "github:NixOS/nixpkgs/8670e496ffd093b60e74e7fa53526aa5920d09eb#process-compose",
      "version": "0.43.1"
    },
    "yarn@1.22.19": {
      "last_modified": "2023-06-29T16:20:38Z",
      "resolved": "github:NixOS/nixpkgs/3c614fbc76fc152f3e1bc4b2263da6d90adf80fb#yarn",
      "version": "1.22.19"
    }
  }
}
