dependencies:
- name: agent
  repository: file://../../ee/agent/helm
  version: v2.0.25
- name: operator
  repository: file://../../components/operator/helm/operator
  version: v2.0.25
digest: sha256:a7a34dd247821066d2820febf0e1dbc3c7695db6a717a0902a1a4a120f4c5c6a
generated: "2025-01-28T14:33:55.603583869Z"
