dependencies:
- name: agent
  repository: file://../../ee/agent/helm
  version: v2.0.21
- name: operator
  repository: file://../../components/operator/helm/operator
  version: v2.0.21
digest: sha256:ddb01f266cf8a19357f57dfc7c1abd3acaf5fbe64deb7582c50a96cf16f05eb8
generated: "2024-11-04T08:01:41.397209698Z"
