speakeasyVersion: 1.759.2
sources:
    stacks-source:
        sourceNamespace: stacks-source
        sourceRevisionDigest: sha256:9759a5b722fd64e2bba1328cb5dc0721bb585ab43981bd8e0cd37cb8c45a7e2c
        sourceBlobDigest: sha256:a4c19e079552ce6285a89a01d183df722c4f2cc18cf9f941255f653ffc135c6c
        tags:
            - latest
            - SDK_VERSION
targets: {}
workflow:
    workflowVersion: 1.0.0
    speakeasyVersion: latest
    sources:
        stacks-source:
            inputs:
                - location: ./releases/base.yaml
                - location: ./components/auth.openapi.yaml
                  modelNamespace: auth
                - location: ./components/gateway.openapi.yaml
                  modelNamespace: gateway
                - location: ./components/ledger.openapi.yaml
                  modelNamespace: ledger
                - location: ./components/payments.openapi.yaml
                  modelNamespace: payments
                - location: ./components/search.openapi.yaml
                  modelNamespace: search
                - location: ./components/webhooks.openapi.yaml
                  modelNamespace: webhooks
                - location: ./components/wallets.openapi.yaml
                  modelNamespace: wallets
                - location: ./components/orchestration.openapi.yaml
                  modelNamespace: orchestration
                - location: ./components/reconciliation.openapi.yaml
                  modelNamespace: reconciliation
            overlays:
                - location: ./releases/overlays/shared.overlay.yaml
            output: ./releases/build/generate.json
            registry:
                location: registry.speakeasyapi.dev/formance/formance/stacks-source
    targets: {}
