speakeasyVersion: 1.759.2
sources:
    stacks-source:
        sourceNamespace: stacks-source
        sourceRevisionDigest: sha256:55cacc53f19d56070c775a281f59a76932d9d24a1a20af46d16243cc2bef9fb1
        sourceBlobDigest: sha256:3b3e29bfb7abe6a0e8e1cb9c0601add2558863329b78c6b4759d77ecd5602db7
        tags:
            - latest
            - RECONCILIATION_VERSION
targets: {}
workflow:
    workflowVersion: 1.0.0
    speakeasyVersion: latest
    sources:
        stacks-source:
            inputs:
                - location: ./releases/base.yaml
                - location: ./components/auth.openapi.yaml
                  modelNamespace: auth
                - location: ./components/gateway.openapi.yaml
                  modelNamespace: gateway
                - location: ./components/ledger.openapi.yaml
                  modelNamespace: ledger
                - location: ./components/payments.openapi.yaml
                  modelNamespace: payments
                - location: ./components/search.openapi.yaml
                  modelNamespace: search
                - location: ./components/webhooks.openapi.yaml
                  modelNamespace: webhooks
                - location: ./components/wallets.openapi.yaml
                  modelNamespace: wallets
                - location: ./components/orchestration.openapi.yaml
                  modelNamespace: orchestration
                - location: ./components/reconciliation.openapi.yaml
                  modelNamespace: reconciliation
            overlays:
                - location: ./releases/overlays/shared.overlay.yaml
            output: ./releases/build/generate.json
            registry:
                location: registry.speakeasyapi.dev/formance/formance/stacks-source
    targets: {}
